
Microsoft Visual Studio Solution File, Format Version 12.00
# Visual Studio Version 16
VisualStudioVersion = 16.0.31402.337
MinimumVisualStudioVersion = 10.0.40219.1
Project("{9A19103F-16F7-4668-BE54-9A1E7A4F7556}") = "FPLibrary", "FPLibrary.csproj", "{ADD154F2-86F9-46FB-BA37-AED616E9CDDE}"
EndProject
Project("{9A19103F-16F7-4668-BE54-9A1E7A4F7556}") = "FPTest", "..\FPTest\FPTest.csproj", "{45E53A30-E87B-4915-B5DA-EB601E8C20CB}"
EndProject
Global
	GlobalSection(SolutionConfigurationPlatforms) = preSolution
		Debug|Any CPU = Debug|Any CPU
		Release|Any CPU = Release|Any CPU
	EndGlobalSection
	GlobalSection(ProjectConfigurationPlatforms) = postSolution
		{ADD154F2-86F9-46FB-BA37-AED616E9CDDE}.Debug|Any CPU.ActiveCfg = Debug|Any CPU
		{ADD154F2-86F9-46FB-BA37-AED616E9CDDE}.Debug|Any CPU.Build.0 = Debug|Any CPU
		{ADD154F2-86F9-46FB-BA37-AED616E9CDDE}.Release|Any CPU.ActiveCfg = Release|Any CPU
		{ADD154F2-86F9-46FB-BA37-AED616E9CDDE}.Release|Any CPU.Build.0 = Release|Any CPU
		{45E53A30-E87B-4915-B5DA-EB601E8C20CB}.Debug|Any CPU.ActiveCfg = Debug|Any CPU
		{45E53A30-E87B-4915-B5DA-EB601E8C20CB}.Debug|Any CPU.Build.0 = Debug|Any CPU
		{45E53A30-E87B-4915-B5DA-EB601E8C20CB}.Release|Any CPU.ActiveCfg = Release|Any CPU
		{45E53A30-E87B-4915-B5DA-EB601E8C20CB}.Release|Any CPU.Build.0 = Release|Any CPU
	EndGlobalSection
	GlobalSection(SolutionProperties) = preSolution
		HideSolutionNode = FALSE
	EndGlobalSection
	GlobalSection(ExtensibilityGlobals) = postSolution
		SolutionGuid = {E436DEEB-1A68-4BD7-BF8B-2CFCCA1FDFF2}
	EndGlobalSection
EndGlobal
